PackratFormat: 1.4
PackratVersion: 0.5.0
RVersion: 3.5.2
Repos: CRAN=https://cran.rstudio.com/

Package: BH
Source: CRAN
Version: 1.72.0-3
Hash: fc53be86f0b712d3de03fef95893d710

Package: DBI
Source: CRAN
Version: 1.1.0
Hash: d1075050684753e939c45775617c8f38

Package: DT
Source: CRAN
Version: 0.5
Hash: 5f563b2647721daf61a7559e80fa7dda
Requires: crosstalk, htmltools, htmlwidgets, magrittr, promises

Package: MMWRweek
Source: CRAN
Version: 0.1.1
Hash: 113b5a8a7bba5db1c369b14e744d7013

Package: R6
Source: CRAN
Version: 2.4.1
Hash: b488861d8c3dfac497e041ec911df9fb

Package: RColorBrewer
Source: CRAN
Version: 1.1-2
Hash: c0d56cd15034f395874c870141870c25

Package: Rcpp
Source: CRAN
Version: 1.0.4
Hash: ed8b47781f96c8f2509bbedd3c61e395

Package: RcppEigen
Source: CRAN
Version: 0.3.3.5.0
Hash: f6b8dd08a297d8fd4f1c2c0b94d8c56f
Requires: Rcpp

Package: askpass
Source: CRAN
Version: 1.1
Hash: 6f6c430e3cd0dd7d48f447700f4d7e7f
Requires: sys

Package: assertthat
Source: CRAN
Version: 0.2.1
Hash: 622be49032fe50bd42e96aaef613e209

Package: backports
Source: CRAN
Version: 1.1.6
Hash: 9bcc452d2494e85b970cdcc2889932ff

Package: base64enc
Source: CRAN
Version: 0.1-3
Hash: c590d29e555926af053055e23ee79efb

Package: broom
Source: CRAN
Version: 0.5.6
Hash: 837e20e17692b6d1cc0383e8cbbd1fc1
Requires: backports, dplyr, generics, purrr, reshape2, stringr, tibble,
    tidyr

Package: callr
Source: CRAN
Version: 3.4.3
Hash: e9b50bc56e655025fde6f2f4b65154de
Requires: R6, processx

Package: cellranger
Source: CRAN
Version: 1.1.0
Hash: be9d203e7849f73818b36f93e9273c2c
Requires: rematch, tibble

Package: cli
Source: CRAN
Version: 2.0.2
Hash: 6fc0b39f0fdbe3a025062807019e1180
Requires: assertthat, crayon, fansi, glue

Package: clipr
Source: CRAN
Version: 0.7.0
Hash: 30cdec6c8cc62c80c485e6bdd0c02b05

Package: colorspace
Source: CRAN
Version: 1.4-1
Hash: 60a56e9998b8b58ee378db3dc91b27a5

Package: crayon
Source: CRAN
Version: 1.3.4
Hash: ff2840dd9b0d563fc80377a5a45510cd

Package: crosstalk
Source: CRAN
Version: 1.0.0
Hash: c13adea5906fbe2becfcb5f843b26749
Requires: R6, ggplot2, htmltools, jsonlite, lazyeval, shiny

Package: curl
Source: CRAN
Version: 4.3
Hash: 3916ae5637dbaf5996dbde80ea92a047

Package: dbplyr
Source: CRAN
Version: 1.4.3
Hash: 92ccb2003fb6c8087b5b979b2ff00cdb
Requires: DBI, R6, assertthat, dplyr, glue, lifecycle, purrr, rlang,
    tibble, tidyselect

Package: desc
Source: CRAN
Version: 1.2.0
Hash: a0a3ca939997679a52816bae4ed6aaae
Requires: R6, assertthat, crayon, rprojroot

Package: digest
Source: CRAN
Version: 0.6.25
Hash: ec0a673866797c8c1fc1daa359fb4cad

Package: dplyr
Source: CRAN
Version: 0.8.5
Hash: 7b81844db1a93b164ddc4a83da0b1ac9
Requires: BH, R6, Rcpp, assertthat, ellipsis, glue, magrittr,
    pkgconfig, plogr, rlang, tibble, tidyselect

Package: ellipsis
Source: CRAN
Version: 0.3.0
Hash: 30b58109e4d7c6184a9c2e32f9ae38c6
Requires: rlang

Package: evaluate
Source: CRAN
Version: 0.14
Hash: 18306cc3bc1aec7b7360eea8a0eb0ee1

Package: fansi
Source: CRAN
Version: 0.4.1
Hash: fc0a252b8e427847d13e89f56ab4665e

Package: farver
Source: CRAN
Version: 2.0.3
Hash: 29a358c21cb8de2e424cbec6b6be6553

Package: forcats
Source: CRAN
Version: 0.5.0
Hash: 6b130778caccc8e4e6cf498c76c84e7b
Requires: ellipsis, magrittr, rlang, tibble

Package: fs
Source: CRAN
Version: 1.2.6
Hash: 5f9482a33404b4ce0d5d0b96a3d13657
Requires: Rcpp

Package: generics
Source: CRAN
Version: 0.0.2
Hash: 4aaf002dd434e8c854611c5d11a1d58e

Package: ggforce
Source: CRAN
Version: 0.3.1
Hash: 66059470bdfbe9fd59f47f1ff588aeba
Requires: Rcpp, RcppEigen, ggplot2, gtable, polyclip, rlang, scales,
    tidyselect, tweenr, withr

Package: ggplot2
Source: CRAN
Version: 3.3.0
Hash: 0c4c6d28acdded392fce8d3d65f088de
Requires: digest, glue, gtable, isoband, rlang, scales, tibble, withr

Package: glue
Source: CRAN
Version: 1.4.0
Hash: 21e4ea62a77239a9fc736d5b01338163

Package: gtable
Source: CRAN
Version: 0.3.0
Hash: a9e7b0666eb933a0cb36779240b4462e

Package: haven
Source: CRAN
Version: 2.2.0
Hash: 57332c6bb775dc40251ab3f57e778f3e
Requires: Rcpp, forcats, hms, readr, rlang, tibble, tidyselect

Package: here
Source: CRAN
Version: 0.1
Hash: 90e1a97508a0d7383b0eeb11e397e763
Requires: rprojroot

Package: highr
Source: CRAN
Version: 0.8
Hash: 16aa2cc98d7b68c9d148c263c8dcdbcd

Package: hms
Source: CRAN
Version: 0.5.3
Hash: a0709e1b17b4bc1c27f5235177543e07
Requires: pkgconfig, rlang, vctrs

Package: htmltools
Source: CRAN
Version: 0.3.6
Hash: cf3b029ff49aa793275687cc7d7f3cfb
Requires: Rcpp, digest

Package: htmlwidgets
Source: CRAN
Version: 1.3
Hash: 17a2248b5e40383a1cb1a4e4cb5f9c7a
Requires: htmltools, jsonlite, yaml

Package: httpuv
Source: CRAN
Version: 1.4.5.1
Hash: 0efd54b370a93b6932f5c79694bbcac5
Requires: BH, Rcpp, later, promises

Package: httr
Source: CRAN
Version: 1.4.1
Hash: cc16de93eaabd3c6d0785cb8e6d059ab
Requires: R6, curl, jsonlite, mime, openssl

Package: isoband
Source: CRAN
Version: 0.2.0
Hash: a66c2fe7ba2f57efc08de400baa491f5
Requires: Rcpp, testthat

Package: jsonlite
Source: CRAN
Version: 1.6.1
Hash: bfde5e6072ca0f5226f49e457a9ba62d

Package: knitr
Source: CRAN
Version: 1.22
Hash: d7581079d36fa69f84ff721384355734
Requires: evaluate, highr, markdown, stringr, xfun, yaml

Package: labeling
Source: CRAN
Version: 0.3
Hash: ecf589b42cd284b03a4beb9665482d3e

Package: later
Source: CRAN
Version: 0.8.0
Hash: e74ee93c89aac6a2025e86745e2bf13d
Requires: BH, Rcpp, rlang

Package: lazyeval
Source: CRAN
Version: 0.2.2
Hash: 563563691bea3cde6945a98996d7c166

Package: lifecycle
Source: CRAN
Version: 0.2.0
Hash: df8649860c43571aab68cc73a2a02807
Requires: glue, rlang

Package: lubridate
Source: CRAN
Version: 1.7.8
Hash: 5f899b04061ef3fd7a810ac8a9d371ec
Requires: Rcpp, generics

Package: magrittr
Source: CRAN
Version: 1.5
Hash: bdc4d48c3135e8f3b399536ddf160df4

Package: markdown
Source: CRAN
Version: 0.9
Hash: 730f688930cef3223d59bd8aef679ab9
Requires: mime

Package: matrixStats
Source: CRAN
Version: 0.54.0
Hash: c96ee9d709385c9a1f8075c3a756b679

Package: mime
Source: CRAN
Version: 0.9
Hash: f3388735b4ddea072aff3be44f7f4968

Package: modelr
Source: CRAN
Version: 0.1.6
Hash: c3a21c2516969374e8d88846d9fbe065
Requires: broom, dplyr, magrittr, purrr, rlang, tibble, tidyr,
    tidyselect

Package: munsell
Source: CRAN
Version: 0.5.0
Hash: 38d0efee9bb99bef143bde41c4ce715c
Requires: colorspace

Package: openssl
Source: CRAN
Version: 1.4.1
Hash: b01fe6ae05ec2a30a777dc338af5bf69
Requires: askpass

Package: packrat
Source: CRAN
Version: 0.5.0
Hash: 498643e765d1442ba7b1160a1df3abf9

Package: pillar
Source: CRAN
Version: 1.4.3
Hash: 64ebcd61a33f2bd9059ffa8a323fd620
Requires: cli, crayon, fansi, rlang, utf8, vctrs

Package: pkgbuild
Source: CRAN
Version: 1.0.6
Hash: f41de345bf0dda984cce64a7ea668ea4
Requires: R6, callr, cli, crayon, desc, prettyunits, rprojroot, withr

Package: pkgconfig
Source: CRAN
Version: 2.0.3
Hash: 5ff5f2361851a49534c96caa2a8071c7

Package: pkgload
Source: CRAN
Version: 1.0.2
Hash: 41eb2db35be61f6f9e8864cf87a1ecb0
Requires: desc, pkgbuild, rlang, rprojroot, rstudioapi, withr

Package: plogr
Source: CRAN
Version: 0.2.0
Hash: 81a8008a5e7858552503935f1abe48aa

Package: plyr
Source: CRAN
Version: 1.8.4
Hash: edce681e1dc8f350185ad54812aa5cfe
Requires: Rcpp

Package: polyclip
Source: CRAN
Version: 1.10-0
Hash: 8291818c2ccc3848dd74ed475da58174

Package: praise
Source: CRAN
Version: 1.0.0
Hash: 77da8f1df873a4b91e5c4a68fe2fb1b6

Package: prettyunits
Source: CRAN
Version: 1.1.1
Hash: 20669cd8bb8b3207f6371edf8cf510af

Package: processx
Source: CRAN
Version: 3.4.2
Hash: e1671b1ca2f6c66f29ffb2828e98dc02
Requires: R6, ps

Package: progress
Source: CRAN
Version: 1.2.2
Hash: 209280eb751acf5899f7c69366e14bd3
Requires: R6, crayon, hms, prettyunits

Package: promises
Source: CRAN
Version: 1.0.1
Hash: 87aa8ff035a62507acd1b5dac869d786
Requires: R6, Rcpp, later, magrittr, rlang

Package: ps
Source: CRAN
Version: 1.3.2
Hash: 6e8ed574a4550ce4f72cdafa9227152b

Package: purrr
Source: CRAN
Version: 0.3.3
Hash: d4f497f8a97ef6c7182a87b2476748d1
Requires: magrittr, rlang

Package: readr
Source: CRAN
Version: 1.3.1
Hash: 554fae9fbf82ce11a80c09c19074010e
Requires: BH, R6, Rcpp, clipr, crayon, hms, tibble

Package: readxl
Source: CRAN
Version: 1.3.1
Hash: 5ce235f860324321eb9ef71d2810661f
Requires: Rcpp, cellranger, progress, tibble

Package: rematch
Source: CRAN
Version: 1.0.1
Hash: ad4faf59e7611117ff165817074c50c7

Package: reprex
Source: CRAN
Version: 0.3.0
Hash: 2029355cb70894267c2c7557c79307fd
Requires: callr, clipr, fs, rlang, rmarkdown, whisker, withr

Package: reshape2
Source: CRAN
Version: 1.4.3
Hash: 28a0f360dfdf44fc286ce1d9f7cd0ebf
Requires: Rcpp, plyr, stringr

Package: rlang
Source: CRAN
Version: 0.4.5
Hash: 99d62d0aaf54a9938784f4485efa9933

Package: rmarkdown
Source: CRAN
Version: 1.12
Hash: 241424e590a32decf6e9f0cd32a5760b
Requires: base64enc, evaluate, htmltools, jsonlite, knitr, mime,
    stringr, tinytex, yaml

Package: rprojroot
Source: CRAN
Version: 1.3-2
Hash: a25c3f70c166fb3fbabc410eb32b6366
Requires: backports

Package: rstudioapi
Source: CRAN
Version: 0.11
Hash: f8674fe40760ccfc1bf3e92da4c9f4d0

Package: rvest
Source: CRAN
Version: 0.3.5
Hash: 76dc42671d747a857ea344bc56cd5b51
Requires: httr, magrittr, selectr, xml2

Package: scales
Source: CRAN
Version: 1.1.0
Hash: fa53af4e3ceba05fc79a31bde5962445
Requires: R6, RColorBrewer, farver, labeling, lifecycle, munsell,
    viridisLite

Package: selectr
Source: CRAN
Version: 0.4-2
Hash: b915e37654e476cbad2ceb063a2b8edb
Requires: R6, stringr

Package: shiny
Source: CRAN
Version: 1.2.0
Hash: 6853126283ff0572d9f370a1520ac831
Requires: R6, crayon, digest, htmltools, httpuv, jsonlite, later, mime,
    promises, rlang, sourcetools, xtable

Package: sourcetools
Source: CRAN
Version: 0.1.7
Hash: d093478ac90064e670cd4bf1a99b47b6

Package: stringi
Source: CRAN
Version: 1.4.6
Hash: 076b0f115b37ca6d551ccff96b91114e

Package: stringr
Source: CRAN
Version: 1.4.0
Hash: 67da32dbb2a7a16f2ef124336358e54a
Requires: glue, magrittr, stringi

Package: sys
Source: CRAN
Version: 3.3
Hash: d5a4afad9298f42aae77f6389713a066

Package: testthat
Source: CRAN
Version: 2.3.2
Hash: 5a3a20ddc31b2aa228dab6d29bd43948
Requires: R6, cli, crayon, digest, ellipsis, evaluate, magrittr,
    pkgload, praise, rlang, withr

Package: tibble
Source: CRAN
Version: 3.0.0
Hash: 2a6d1094f2ebc4c8ebc01ef0b2b1a10a
Requires: cli, crayon, ellipsis, fansi, lifecycle, magrittr, pillar,
    pkgconfig, rlang, vctrs

Package: tidyr
Source: CRAN
Version: 1.0.2
Hash: f57210b5eba48eb91d8300d605e7e25f
Requires: Rcpp, dplyr, ellipsis, glue, lifecycle, magrittr, purrr,
    rlang, stringi, tibble, tidyselect, vctrs

Package: tidyselect
Source: CRAN
Version: 1.0.0
Hash: 0ba21f624978533adf670338aa3f86b4
Requires: ellipsis, glue, purrr, rlang, vctrs

Package: tidyverse
Source: CRAN
Version: 1.3.0
Hash: b909ba2b6349072c6376f95a816fe932
Requires: broom, cli, crayon, dbplyr, dplyr, forcats, ggplot2, haven,
    hms, httr, jsonlite, lubridate, magrittr, modelr, pillar, purrr,
    readr, readxl, reprex, rlang, rstudioapi, rvest, stringr, tibble,
    tidyr, xml2

Package: tinytex
Source: CRAN
Version: 0.11
Hash: bcda6d10711135ce9ec0243bd2fb9d6c
Requires: xfun

Package: tweenr
Source: CRAN
Version: 1.0.1
Hash: eb091d57ac4b9d412b544cea12bf09b2
Requires: Rcpp, farver, magrittr, rlang

Package: utf8
Source: CRAN
Version: 1.1.4
Hash: f3f97ce59092abc8ed3fd098a59e236c

Package: vctrs
Source: CRAN
Version: 0.2.4
Hash: e06451edcd80df3a07b71fe7f5d10739
Requires: digest, ellipsis, glue, rlang

Package: viridisLite
Source: CRAN
Version: 0.3.0
Hash: 78bb072c4f9e729a283d4c40ec93f9c6

Package: whisker
Source: CRAN
Version: 0.4
Hash: 5b1ec05cd96c1e0c6048bab49abee3aa

Package: withr
Source: CRAN
Version: 2.1.2
Hash: d534108bcd5f34ec73e9eb523751ba20

Package: xfun
Source: CRAN
Version: 0.5
Hash: 384622a18a85624029dec83d26e588a6

Package: xml2
Source: CRAN
Version: 1.3.0
Hash: 8c72649c005bbf9b0420daf86b1ad69a

Package: xtable
Source: CRAN
Version: 1.8-3
Hash: 91199102994584c5f0e8cbba5582ecc4

Package: yaml
Source: CRAN
Version: 2.2.0
Hash: a5ad5616d83d89f8d84cbf3cf4034e13
